# This file is generated by running "yarn install" inside your project.
# Manual changes might be lost - proceed with caution!

__metadata:
  version: 6
  cacheKey: 8

"@types/lodash-es@npm:^4.17.6":
  version: 4.17.6
  resolution: "@types/lodash-es@npm:4.17.6"
  dependencies:
    "@types/lodash": "*"
  checksum: 9bd239dd525086e278821949ce12fbdd4f100a060fed9323fc7ad5661113e1641f28a7ebab617230ed3474680d8f4de705c1928b48252bb684be6ec9eed715db
  languageName: node
  linkType: hard

"@types/lodash@npm:*, @types/lodash@npm:^4.14.191":
  version: 4.14.191
  resolution: "@types/lodash@npm:4.14.191"
  checksum: ba0d5434e10690869f32d5ea49095250157cae502f10d57de0a723fd72229ce6c6a4979576f0f13e0aa9fbe3ce2457bfb9fa7d4ec3d6daba56730a51906d1491
  languageName: node
  linkType: hard

"@types/node@npm:^18.11.10":
  version: 18.11.10
  resolution: "@types/node@npm:18.11.10"
  checksum: 0f60cb090b2ee91fcd3dc4311bc1ed7889b92f14644c0069f100776f86474c12eebbcc6c75bc0d7d96b975a103b4d5d6b3c22b4e88bea6e7f4e2b1bb0daf5ea8
  languageName: node
  linkType: hard

"chalk@npm:^5.1.2":
  version: 5.1.2
  resolution: "chalk@npm:5.1.2"
  checksum: 804d7485e33531abe45b14e91026ceb5615974a8c04259ab0806f214a7666f6ea03e39ab124f7d5a0c78a83fda89005f236db3c5f10c2abe9ae875f7aa56bcb5
  languageName: node
  linkType: hard

"lodash-es@npm:^4.17.21":
  version: 4.17.21
  resolution: "lodash-es@npm:4.17.21"
  checksum: 05cbffad6e2adbb331a4e16fbd826e7faee403a1a04873b82b42c0f22090f280839f85b95393f487c1303c8a3d2a010048bf06151a6cbe03eee4d388fb0a12d2
  languageName: node
  linkType: hard

"napolux-aoc@workspace:.":
  version: 0.0.0-use.local
  resolution: "napolux-aoc@workspace:."
  dependencies:
    "@types/lodash": ^4.14.191
    "@types/lodash-es": ^4.17.6
    "@types/node": ^18.11.10
    chalk: ^5.1.2
    lodash-es: ^4.17.21
    typescript: ^4.9.3
  languageName: unknown
  linkType: soft

"typescript@npm:^4.9.3":
  version: 4.9.3
  resolution: "typescript@npm:4.9.3"
  bin:
    tsc: bin/tsc
    tsserver: bin/tsserver
  checksum: 17b8f816050b412403e38d48eef0e893deb6be522d6dc7caf105e54a72e34daf6835c447735fd2b28b66784e72bfbf87f627abb4818a8e43d1fa8106396128dc
  languageName: node
  linkType: hard

"typescript@patch:typescript@^4.9.3#~builtin<compat/typescript>":
  version: 4.9.3
  resolution: "typescript@patch:typescript@npm%3A4.9.3#~builtin<compat/typescript>::version=4.9.3&hash=d73830"
  bin:
    tsc: bin/tsc
    tsserver: bin/tsserver
  checksum: 67ca21a387c0572f1c04936e638dde7782c5aa520c3754aadc7cc9b7c915da9ebc3e27c601bfff4ccb7d7264e82dce6d277ada82ec09dc75024349e0ef64926d
  languageName: node
  linkType: hard
